
Microsoft Visual Studio Solution File, Format Version 12.00
# Visual Studio Version 16
VisualStudioVersion = 16.0.31205.134
MinimumVisualStudioVersion = 10.0.40219.1
Project("{FAE04EC0-301F-11D3-BF4B-00C04F79EFBC}") = "ETickets", "ETickets\ETickets.csproj", "{0CAF91C5-DC00-4081-9C03-F8DD946D6671}"
EndProject
Global
	GlobalSection(SolutionConfigurationPlatforms) = preSolution
		Debug|Any CPU = Debug|Any CPU
		Release|Any CPU = Release|Any CPU
	EndGlobalSection
	GlobalSection(ProjectConfigurationPlatforms) = postSolution
		{0CAF91C5-DC00-4081-9C03-F8DD946D6671}.Debug|Any CPU.ActiveCfg = Debug|Any CPU
		{0CAF91C5-DC00-4081-9C03-F8DD946D6671}.Debug|Any CPU.Build.0 = Debug|Any CPU
		{0CAF91C5-DC00-4081-9C03-F8DD946D6671}.Release|Any CPU.ActiveCfg = Release|Any CPU
		{0CAF91C5-DC00-4081-9C03-F8DD946D6671}.Release|Any CPU.Build.0 = Release|Any CPU
	EndGlobalSection
	GlobalSection(SolutionProperties) = preSolution
		HideSolutionNode = FALSE
	EndGlobalSection
	GlobalSection(ExtensibilityGlobals) = postSolution
		SolutionGuid = {0D6616D2-0DDB-4AF2-8B1B-A2204785CDBF}
	EndGlobalSection
EndGlobal
